
Microsoft Visual Studio Solution File, Format Version 12.00
# Visual Studio Version 16
VisualStudioVersion = 16.0.29709.97
MinimumVisualStudioVersion = 10.0.40219.1
Project("{FAE04EC0-301F-11D3-BF4B-00C04F79EFBC}") = "Modelo.Domain.Core", "src\Modelo.Domain.Core\Modelo.Domain.Core.csproj", "{533A38D6-61EB-46A3-9676-A2ECAFF02BA8}"
EndProject
Global
	GlobalSection(SolutionConfigurationPlatforms) = preSolution
		Debug|Any CPU = Debug|Any CPU
		Release|Any CPU = Release|Any CPU
	EndGlobalSection
	GlobalSection(ProjectConfigurationPlatforms) = postSolution
		{4D379CA0-38A0-46B3-B9E6-DFB850202B82}.Debug|Any CPU.ActiveCfg = Debug|Any CPU
		{4D379CA0-38A0-46B3-B9E6-DFB850202B82}.Debug|Any CPU.Build.0 = Debug|Any CPU
		{4D379CA0-38A0-46B3-B9E6-DFB850202B82}.Release|Any CPU.ActiveCfg = Release|Any CPU
		{4D379CA0-38A0-46B3-B9E6-DFB850202B82}.Release|Any CPU.Build.0 = Release|Any CPU
		{533A38D6-61EB-46A3-9676-A2ECAFF02BA8}.Debug|Any CPU.ActiveCfg = Debug|Any CPU
		{533A38D6-61EB-46A3-9676-A2ECAFF02BA8}.Debug|Any CPU.Build.0 = Debug|Any CPU
		{533A38D6-61EB-46A3-9676-A2ECAFF02BA8}.Release|Any CPU.ActiveCfg = Release|Any CPU
		{533A38D6-61EB-46A3-9676-A2ECAFF02BA8}.Release|Any CPU.Build.0 = Release|Any CPU
	EndGlobalSection
	GlobalSection(SolutionProperties) = preSolution
		HideSolutionNode = FALSE
	EndGlobalSection
	GlobalSection(ExtensibilityGlobals) = postSolution
		SolutionGuid = {A409C310-83C0-4AD7-8645-29DBC753D4A0}
	EndGlobalSection
EndGlobal
